
Microsoft Visual Studio Solution File, Format Version 11.00
# Visual C# Express 2010
Project("{FAE04EC0-301F-11D3-BF4B-00C04F79EFBC}") = "AtA_Robko01_160121", "AtA_Robko01_160121\AtA_Robko01_160121.csproj", "{3F59FFC5-08D1-49EE-8D79-C8356DC7D123}"
EndProject
Global
	GlobalSection(SolutionConfigurationPlatforms) = preSolution
		Debug|Any CPU = Debug|Any CPU
		Release|Any CPU = Release|Any CPU
	EndGlobalSection
	GlobalSection(ProjectConfigurationPlatforms) = postSolution
		{3F59FFC5-08D1-49EE-8D79-C8356DC7D123}.Debug|Any CPU.ActiveCfg = Debug|Any CPU
		{3F59FFC5-08D1-49EE-8D79-C8356DC7D123}.Debug|Any CPU.Build.0 = Debug|Any CPU
		{3F59FFC5-08D1-49EE-8D79-C8356DC7D123}.Release|Any CPU.ActiveCfg = Release|Any CPU
		{3F59FFC5-08D1-49EE-8D79-C8356DC7D123}.Release|Any CPU.Build.0 = Release|Any CPU
	EndGlobalSection
	GlobalSection(SolutionProperties) = preSolution
		HideSolutionNode = FALSE
	EndGlobalSection
EndGlobal
